{
    "name": "mteam-auto-logging",
    "version": "1.0.0",
    "lockfileVersion": 3,
    "requires": true,
    "packages": {
        "": {
            "name": "mteam-auto-logging",
            "version": "1.0.0",
            "license": "MIT",
            "dependencies": {
                "@octokit/rest": "^20.0.0",
                "axios": "^1.6.0",
                "playwright": "^1.40.0",
                "tweetnacl": "^1.0.3",
                "tweetnacl-util": "^0.15.1"
            }
        }
    }
}